// !$*UTF8*$!
{
	archiveVersion = 1;
	classes = {
	};
	objectVersion = 56;
	objects = {

/* Begin PBXBuildFile section */
		0AD51BA22B289872006EC3F1 /* AddWorkoutView.swift in Sources */ = {isa = PBXBuildFile; fileRef = 0AD51BA12B289872006EC3F1 /* AddWorkoutView.swift */; };
		1ACD418A2B2225EB002C92F6 /* ExerciseDetailView.swift in Sources */ = {isa = PBXBuildFile; fileRef = 1ACD41892B2225EB002C92F6 /* ExerciseDetailView.swift */; };
		1ACD418C2B222E48002C92F6 /* RepTextModifier.swift in Sources */ = {isa = PBXBuildFile; fileRef = 1ACD418B2B222E48002C92F6 /* RepTextModifier.swift */; };
		1ACD418E2B222EC6002C92F6 /* TopStatView.swift in Sources */ = {isa = PBXBuildFile; fileRef = 1ACD418D2B222EC6002C92F6 /* TopStatView.swift */; };
		1ACD41902B271368002C92F6 /* RepsListView.swift in Sources */ = {isa = PBXBuildFile; fileRef = 1ACD418F2B271368002C92F6 /* RepsListView.swift */; };
		1ACD41922B27142B002C92F6 /* RepRowView.swift in Sources */ = {isa = PBXBuildFile; fileRef = 1ACD41912B27142B002C92F6 /* RepRowView.swift */; };
		1ACD41942B272F54002C92F6 /* PieChartView.swift in Sources */ = {isa = PBXBuildFile; fileRef = 1ACD41932B272F54002C92F6 /* PieChartView.swift */; };
		1C6600752B2B4FB700D03B46 /* Tip.swift in Sources */ = {isa = PBXBuildFile; fileRef = 1C6600742B2B4FB700D03B46 /* Tip.swift */; };
		1CC284532B270E6000B1C160 /* WorkoutDetailView.swift in Sources */ = {isa = PBXBuildFile; fileRef = 1CC284522B270E6000B1C160 /* WorkoutDetailView.swift */; };
		DF5EAAE42B279A83000FE22D /* EditSetView.swift in Sources */ = {isa = PBXBuildFile; fileRef = DF5EAAE32B279A83000FE22D /* EditSetView.swift */; };
		F03BFC132B27178A006FE46A /* SummaryDetailView.swift in Sources */ = {isa = PBXBuildFile; fileRef = F03BFC122B27178A006FE46A /* SummaryDetailView.swift */; };
		F0524D4C2B2A32DA00F0E766 /* ComparisonView.swift in Sources */ = {isa = PBXBuildFile; fileRef = F0524D4B2B2A32DA00F0E766 /* ComparisonView.swift */; };
		F0524D4E2B2A331400F0E766 /* SetsListView.swift in Sources */ = {isa = PBXBuildFile; fileRef = F0524D4D2B2A331400F0E766 /* SetsListView.swift */; };
		F05D38712B29B54C00EAEC45 /* AddSetView.swift in Sources */ = {isa = PBXBuildFile; fileRef = F05D38702B29B54C00EAEC45 /* AddSetView.swift */; };
		F05D38742B29BBBC00EAEC45 /* Formatters.swift in Sources */ = {isa = PBXBuildFile; fileRef = F05D38732B29BBBC00EAEC45 /* Formatters.swift */; };
		F05D98A72B221C140085DE0A /* (null) in Sources */ = {isa = PBXBuildFile; };
		F05D98A92B221C140085DE0A /* Item.swift in Sources */ = {isa = PBXBuildFile; fileRef = F05D98A82B221C140085DE0A /* Item.swift */; };
		F05D98AB2B221C140085DE0A /* Assets.xcassets in Resources */ = {isa = PBXBuildFile; fileRef = F05D98AA2B221C140085DE0A /* Assets.xcassets */; };
		F05D98AE2B221C140085DE0A /* Preview Assets.xcassets in Resources */ = {isa = PBXBuildFile; fileRef = F05D98AD2B221C140085DE0A /* Preview Assets.xcassets */; };
		F05D98B52B2224E00085DE0A /* SummaryView.swift in Sources */ = {isa = PBXBuildFile; fileRef = F05D98B42B2224E00085DE0A /* SummaryView.swift */; };
		F07FF61F2B28753200E23861 /* Exercise.swift in Sources */ = {isa = PBXBuildFile; fileRef = F07FF61E2B28753200E23861 /* Exercise.swift */; };
		F09C38232B29EB7900D12086 /* SetRow.swift in Sources */ = {isa = PBXBuildFile; fileRef = F09C38222B29EB7900D12086 /* SetRow.swift */; };
		F09C38252B29EB9C00D12086 /* VerticalProgressView.swift in Sources */ = {isa = PBXBuildFile; fileRef = F09C38242B29EB9C00D12086 /* VerticalProgressView.swift */; };
		F09C38272B29EBD800D12086 /* PreviousSetCell.swift in Sources */ = {isa = PBXBuildFile; fileRef = F09C38262B29EBD800D12086 /* PreviousSetCell.swift */; };
		F0B3A22D2B28ADC600E4364E /* AddExerciseView.swift in Sources */ = {isa = PBXBuildFile; fileRef = F0B3A22C2B28ADC600E4364E /* AddExerciseView.swift */; };
		F0C2DBE92B27832E00C610A3 /* StatsVStack.swift in Sources */ = {isa = PBXBuildFile; fileRef = F0C2DBE82B27832E00C610A3 /* StatsVStack.swift */; };
		F0C2DBEB2B27836100C610A3 /* StatsView.swift in Sources */ = {isa = PBXBuildFile; fileRef = F0C2DBEA2B27836100C610A3 /* StatsView.swift */; };
		F0C2DBED2B27839C00C610A3 /* WorkoutRowView.swift in Sources */ = {isa = PBXBuildFile; fileRef = F0C2DBEC2B27839C00C610A3 /* WorkoutRowView.swift */; };
		F0C2DBEF2B27889600C610A3 /* FitFlowApp.swift in Sources */ = {isa = PBXBuildFile; fileRef = F0C2DBEE2B27889600C610A3 /* FitFlowApp.swift */; };
		F0C2DBF12B2788AB00C610A3 /* ContentView.swift in Sources */ = {isa = PBXBuildFile; fileRef = F0C2DBF02B2788AB00C610A3 /* ContentView.swift */; };
		F0C2DBF52B27890C00C610A3 /* TopTextModifier.swift in Sources */ = {isa = PBXBuildFile; fileRef = F0C2DBF42B27890C00C610A3 /* TopTextModifier.swift */; };
		F0C2DBF92B27922B00C610A3 /* Workout.swift in Sources */ = {isa = PBXBuildFile; fileRef = F0C2DBF82B27922B00C610A3 /* Workout.swift */; };
		F0C2DBFD2B27947C00C610A3 /* Set.swift in Sources */ = {isa = PBXBuildFile; fileRef = F0C2DBFC2B27947C00C610A3 /* Set.swift */; };
		F0FDF4962B2B7ED1002C88F1 /* LineChart.swift in Sources */ = {isa = PBXBuildFile; fileRef = F0FDF4952B2B7ED1002C88F1 /* LineChart.swift */; };
		F0FDF4982B2C53C9002C88F1 /* ProgressChartView.swift in Sources */ = {isa = PBXBuildFile; fileRef = F0FDF4972B2C53C9002C88F1 /* ProgressChartView.swift */; };
		F0FDF49A2B2C54C1002C88F1 /* Functions.swift in Sources */ = {isa = PBXBuildFile; fileRef = F0FDF4992B2C54C1002C88F1 /* Functions.swift */; };
/* End PBXBuildFile section */

/* Begin PBXFileReference section */
		0AD51BA12B289872006EC3F1 /* AddWorkoutView.swift */ = {isa = PBXFileReference; lastKnownFileType = sourcecode.swift; path = AddWorkoutView.swift; sourceTree = "<group>"; };
		1ACD41892B2225EB002C92F6 /* ExerciseDetailView.swift */ = {isa = PBXFileReference; lastKnownFileType = sourcecode.swift; path = ExerciseDetailView.swift; sourceTree = "<group>"; };
		1ACD418B2B222E48002C92F6 /* RepTextModifier.swift */ = {isa = PBXFileReference; lastKnownFileType = sourcecode.swift; path = RepTextModifier.swift; sourceTree = "<group>"; };
		1ACD418D2B222EC6002C92F6 /* TopStatView.swift */ = {isa = PBXFileReference; lastKnownFileType = sourcecode.swift; path = TopStatView.swift; sourceTree = "<group>"; };
		1ACD418F2B271368002C92F6 /* RepsListView.swift */ = {isa = PBXFileReference; lastKnownFileType = sourcecode.swift; path = RepsListView.swift; sourceTree = "<group>"; };
		1ACD41912B27142B002C92F6 /* RepRowView.swift */ = {isa = PBXFileReference; lastKnownFileType = sourcecode.swift; path = RepRowView.swift; sourceTree = "<group>"; };
		1ACD41932B272F54002C92F6 /* PieChartView.swift */ = {isa = PBXFileReference; lastKnownFileType = sourcecode.swift; path = PieChartView.swift; sourceTree = "<group>"; };
		1C6600742B2B4FB700D03B46 /* Tip.swift */ = {isa = PBXFileReference; lastKnownFileType = sourcecode.swift; path = Tip.swift; sourceTree = "<group>"; };
		1CC284522B270E6000B1C160 /* WorkoutDetailView.swift */ = {isa = PBXFileReference; lastKnownFileType = sourcecode.swift; path = WorkoutDetailView.swift; sourceTree = "<group>"; };
		DF5EAAE32B279A83000FE22D /* EditSetView.swift */ = {isa = PBXFileReference; lastKnownFileType = sourcecode.swift; path = EditSetView.swift; sourceTree = "<group>"; };
		F03BFC122B27178A006FE46A /* SummaryDetailView.swift */ = {isa = PBXFileReference; lastKnownFileType = sourcecode.swift; path = SummaryDetailView.swift; sourceTree = "<group>"; };
		F0524D4B2B2A32DA00F0E766 /* ComparisonView.swift */ = {isa = PBXFileReference; lastKnownFileType = sourcecode.swift; path = ComparisonView.swift; sourceTree = "<group>"; };
		F0524D4D2B2A331400F0E766 /* SetsListView.swift */ = {isa = PBXFileReference; lastKnownFileType = sourcecode.swift; path = SetsListView.swift; sourceTree = "<group>"; };
		F05D38702B29B54C00EAEC45 /* AddSetView.swift */ = {isa = PBXFileReference; lastKnownFileType = sourcecode.swift; path = AddSetView.swift; sourceTree = "<group>"; };
		F05D38732B29BBBC00EAEC45 /* Formatters.swift */ = {isa = PBXFileReference; lastKnownFileType = sourcecode.swift; path = Formatters.swift; sourceTree = "<group>"; };
		F05D98A12B221C140085DE0A /* FitFlow.app */ = {isa = PBXFileReference; explicitFileType = wrapper.application; includeInIndex = 0; path = FitFlow.app; sourceTree = BUILT_PRODUCTS_DIR; };
		F05D98A82B221C140085DE0A /* Item.swift */ = {isa = PBXFileReference; lastKnownFileType = sourcecode.swift; path = Item.swift; sourceTree = "<group>"; };
		F05D98AA2B221C140085DE0A /* Assets.xcassets */ = {isa = PBXFileReference; lastKnownFileType = folder.assetcatalog; path = Assets.xcassets; sourceTree = "<group>"; };
		F05D98AD2B221C140085DE0A /* Preview Assets.xcassets */ = {isa = PBXFileReference; lastKnownFileType = folder.assetcatalog; path = "Preview Assets.xcassets"; sourceTree = "<group>"; };
		F05D98B42B2224E00085DE0A /* SummaryView.swift */ = {isa = PBXFileReference; lastKnownFileType = sourcecode.swift; path = SummaryView.swift; sourceTree = "<group>"; };
		F07FF61E2B28753200E23861 /* Exercise.swift */ = {isa = PBXFileReference; lastKnownFileType = sourcecode.swift; path = Exercise.swift; sourceTree = "<group>"; };
		F09C38222B29EB7900D12086 /* SetRow.swift */ = {isa = PBXFileReference; lastKnownFileType = sourcecode.swift; path = SetRow.swift; sourceTree = "<group>"; };
		F09C38242B29EB9C00D12086 /* VerticalProgressView.swift */ = {isa = PBXFileReference; lastKnownFileType = sourcecode.swift; path = VerticalProgressView.swift; sourceTree = "<group>"; };
		F09C38262B29EBD800D12086 /* PreviousSetCell.swift */ = {isa = PBXFileReference; lastKnownFileType = sourcecode.swift; path = PreviousSetCell.swift; sourceTree = "<group>"; };
		F0B3A22C2B28ADC600E4364E /* AddExerciseView.swift */ = {isa = PBXFileReference; lastKnownFileType = sourcecode.swift; path = AddExerciseView.swift; sourceTree = "<group>"; };
		F0C2DBE82B27832E00C610A3 /* StatsVStack.swift */ = {isa = PBXFileReference; lastKnownFileType = sourcecode.swift; path = StatsVStack.swift; sourceTree = "<group>"; };
		F0C2DBEA2B27836100C610A3 /* StatsView.swift */ = {isa = PBXFileReference; lastKnownFileType = sourcecode.swift; path = StatsView.swift; sourceTree = "<group>"; };
		F0C2DBEC2B27839C00C610A3 /* WorkoutRowView.swift */ = {isa = PBXFileReference; lastKnownFileType = sourcecode.swift; path = WorkoutRowView.swift; sourceTree = "<group>"; };
		F0C2DBEE2B27889600C610A3 /* FitFlowApp.swift */ = {isa = PBXFileReference; lastKnownFileType = sourcecode.swift; path = FitFlowApp.swift; sourceTree = "<group>"; };
		F0C2DBF02B2788AB00C610A3 /* ContentView.swift */ = {isa = PBXFileReference; lastKnownFileType = sourcecode.swift; path = ContentView.swift; sourceTree = "<group>"; };
		F0C2DBF42B27890C00C610A3 /* TopTextModifier.swift */ = {isa = PBXFileReference; lastKnownFileType = sourcecode.swift; path = TopTextModifier.swift; sourceTree = "<group>"; };
		F0C2DBF82B27922B00C610A3 /* Workout.swift */ = {isa = PBXFileReference; lastKnownFileType = sourcecode.swift; path = Workout.swift; sourceTree = "<group>"; };
		F0C2DBFC2B27947C00C610A3 /* Set.swift */ = {isa = PBXFileReference; lastKnownFileType = sourcecode.swift; path = Set.swift; sourceTree = "<group>"; };
		F0FDF4952B2B7ED1002C88F1 /* LineChart.swift */ = {isa = PBXFileReference; fileEncoding = 4; lastKnownFileType = sourcecode.swift; path = LineChart.swift; sourceTree = "<group>"; };
		F0FDF4972B2C53C9002C88F1 /* ProgressChartView.swift */ = {isa = PBXFileReference; lastKnownFileType = sourcecode.swift; path = ProgressChartView.swift; sourceTree = "<group>"; };
		F0FDF4992B2C54C1002C88F1 /* Functions.swift */ = {isa = PBXFileReference; lastKnownFileType = sourcecode.swift; path = Functions.swift; sourceTree = "<group>"; };
/* End PBXFileReference section */

/* Begin PBXFrameworksBuildPhase section */
		F05D989E2B221C140085DE0A /* Frameworks */ = {
			isa = PBXFrameworksBuildPhase;
			buildActionMask = 2147483647;
			files = (
			);
			runOnlyForDeploymentPostprocessing = 0;
		};
/* End PBXFrameworksBuildPhase section */

/* Begin PBXGroup section */
		0AD51B9F2B28985B006EC3F1 /* AddWorkout */ = {
			isa = PBXGroup;
			children = (
				0AD51BA02B289865006EC3F1 /* View */,
			);
			path = AddWorkout;
			sourceTree = "<group>";
		};
		0AD51BA02B289865006EC3F1 /* View */ = {
			isa = PBXGroup;
			children = (
				0AD51BA12B289872006EC3F1 /* AddWorkoutView.swift */,
			);
			path = View;
			sourceTree = "<group>";
		};
		F05D386E2B29B53F00EAEC45 /* AddSet */ = {
			isa = PBXGroup;
			children = (
				F05D386F2B29B54500EAEC45 /* View */,
			);
			path = AddSet;
			sourceTree = "<group>";
		};
		F05D386F2B29B54500EAEC45 /* View */ = {
			isa = PBXGroup;
			children = (
				F05D38702B29B54C00EAEC45 /* AddSetView.swift */,
			);
			path = View;
			sourceTree = "<group>";
		};
		F05D38722B29BBA300EAEC45 /* Utils */ = {
			isa = PBXGroup;
			children = (
				F05D38732B29BBBC00EAEC45 /* Formatters.swift */,
				F0FDF4992B2C54C1002C88F1 /* Functions.swift */,
			);
			path = Utils;
			sourceTree = "<group>";
		};
		F05D98982B221C140085DE0A = {
			isa = PBXGroup;
			children = (
				F05D98A32B221C140085DE0A /* FitFlow */,
				F05D98A22B221C140085DE0A /* Products */,
			);
			sourceTree = "<group>";
		};
		F05D98A22B221C140085DE0A /* Products */ = {
			isa = PBXGroup;
			children = (
				F05D98A12B221C140085DE0A /* FitFlow.app */,
			);
			name = Products;
			sourceTree = "<group>";
		};
		F05D98A32B221C140085DE0A /* FitFlow */ = {
			isa = PBXGroup;
			children = (
				F0C2DBE02B27827800C610A3 /* Core */,
				F0C2DBE12B27827F00C610A3 /* Features */,
				F05D98A82B221C140085DE0A /* Item.swift */,
				F05D98AA2B221C140085DE0A /* Assets.xcassets */,
				F05D98AC2B221C140085DE0A /* Preview Content */,
			);
			path = FitFlow;
			sourceTree = "<group>";
		};
		F05D98AC2B221C140085DE0A /* Preview Content */ = {
			isa = PBXGroup;
			children = (
				F05D98AD2B221C140085DE0A /* Preview Assets.xcassets */,
			);
			path = "Preview Content";
			sourceTree = "<group>";
		};
		F07FF6202B28763C00E23861 /* WorkoutDetail */ = {
			isa = PBXGroup;
			children = (
				F0FDF4942B2B7ED1002C88F1 /* Components */,
				F07FF6212B28782200E23861 /* View */,
			);
			path = WorkoutDetail;
			sourceTree = "<group>";
		};
		F07FF6212B28782200E23861 /* View */ = {
			isa = PBXGroup;
			children = (
				1CC284522B270E6000B1C160 /* WorkoutDetailView.swift */,
			);
			path = View;
			sourceTree = "<group>";
		};
		F07FF6222B28795D00E23861 /* EditSet */ = {
			isa = PBXGroup;
			children = (
				F07FF6232B28796100E23861 /* View */,
			);
			path = EditSet;
			sourceTree = "<group>";
		};
		F07FF6232B28796100E23861 /* View */ = {
			isa = PBXGroup;
			children = (
				DF5EAAE32B279A83000FE22D /* EditSetView.swift */,
			);
			path = View;
			sourceTree = "<group>";
		};
		F09C38212B29EB6A00D12086 /* Components */ = {
			isa = PBXGroup;
			children = (
				F09C38262B29EBD800D12086 /* PreviousSetCell.swift */,
				F09C38222B29EB7900D12086 /* SetRow.swift */,
				F09C38242B29EB9C00D12086 /* VerticalProgressView.swift */,
				F0524D4B2B2A32DA00F0E766 /* ComparisonView.swift */,
				F0524D4D2B2A331400F0E766 /* SetsListView.swift */,
				F0FDF4972B2C53C9002C88F1 /* ProgressChartView.swift */,
			);
			path = Components;
			sourceTree = "<group>";
		};
		F0B3A22A2B28AAA600E4364E /* AddExercise */ = {
			isa = PBXGroup;
			children = (
				F0B3A22B2B28AABB00E4364E /* View */,
			);
			path = AddExercise;
			sourceTree = "<group>";
		};
		F0B3A22B2B28AABB00E4364E /* View */ = {
			isa = PBXGroup;
			children = (
				F0B3A22C2B28ADC600E4364E /* AddExerciseView.swift */,
			);
			path = View;
			sourceTree = "<group>";
		};
		F0C2DBE02B27827800C610A3 /* Core */ = {
			isa = PBXGroup;
			children = (
				F0C2DBE22B27828800C610A3 /* App */,
				F0C2DBE42B27829400C610A3 /* Components */,
				F0C2DBF72B27921B00C610A3 /* Models */,
				F0C2DBF32B2788F900C610A3 /* Modifiers */,
				F0C2DBE32B27828E00C610A3 /* Root */,
				F05D38722B29BBA300EAEC45 /* Utils */,
			);
			path = Core;
			sourceTree = "<group>";
		};
		F0C2DBE12B27827F00C610A3 /* Features */ = {
			isa = PBXGroup;
			children = (
				0AD51B9F2B28985B006EC3F1 /* AddWorkout */,
				F0B3A22A2B28AAA600E4364E /* AddExercise */,
				F05D386E2B29B53F00EAEC45 /* AddSet */,
				F07FF6222B28795D00E23861 /* EditSet */,
				F0C2DBF22B2788EA00C610A3 /* ExerciseDetail */,
				F0C2DBE52B2782B100C610A3 /* Summary */,
				F07FF6202B28763C00E23861 /* WorkoutDetail */,
			);
			path = Features;
			sourceTree = "<group>";
		};
		F0C2DBE22B27828800C610A3 /* App */ = {
			isa = PBXGroup;
			children = (
				F0C2DBEE2B27889600C610A3 /* FitFlowApp.swift */,
			);
			path = App;
			sourceTree = "<group>";
		};
		F0C2DBE32B27828E00C610A3 /* Root */ = {
			isa = PBXGroup;
			children = (
				F0C2DBF02B2788AB00C610A3 /* ContentView.swift */,
			);
			path = Root;
			sourceTree = "<group>";
		};
		F0C2DBE42B27829400C610A3 /* Components */ = {
			isa = PBXGroup;
			children = (
				F0C2DBE82B27832E00C610A3 /* StatsVStack.swift */,
				F0C2DBEA2B27836100C610A3 /* StatsView.swift */,
				F0C2DBEC2B27839C00C610A3 /* WorkoutRowView.swift */,
			);
			path = Components;
			sourceTree = "<group>";
		};
		F0C2DBE52B2782B100C610A3 /* Summary */ = {
			isa = PBXGroup;
			children = (
				F0C2DBE72B2782BB00C610A3 /* View */,
			);
			path = Summary;
			sourceTree = "<group>";
		};
		F0C2DBE72B2782BB00C610A3 /* View */ = {
			isa = PBXGroup;
			children = (
				F03BFC122B27178A006FE46A /* SummaryDetailView.swift */,
				F05D98B42B2224E00085DE0A /* SummaryView.swift */,
			);
			path = View;
			sourceTree = "<group>";
		};
		F0C2DBF22B2788EA00C610A3 /* ExerciseDetail */ = {
			isa = PBXGroup;
			children = (
				F09C38212B29EB6A00D12086 /* Components */,
				F0C2DBF62B27894B00C610A3 /* View */,
			);
			path = ExerciseDetail;
			sourceTree = "<group>";
		};
		F0C2DBF32B2788F900C610A3 /* Modifiers */ = {
			isa = PBXGroup;
			children = (
				1ACD418B2B222E48002C92F6 /* RepTextModifier.swift */,
				F0C2DBF42B27890C00C610A3 /* TopTextModifier.swift */,
			);
			path = Modifiers;
			sourceTree = "<group>";
		};
		F0C2DBF62B27894B00C610A3 /* View */ = {
			isa = PBXGroup;
			children = (
				1ACD418D2B222EC6002C92F6 /* TopStatView.swift */,
				1ACD418F2B271368002C92F6 /* RepsListView.swift */,
				1ACD41912B27142B002C92F6 /* RepRowView.swift */,
				1ACD41932B272F54002C92F6 /* PieChartView.swift */,
				1ACD41892B2225EB002C92F6 /* ExerciseDetailView.swift */,
			);
			path = View;
			sourceTree = "<group>";
		};
		F0C2DBF72B27921B00C610A3 /* Models */ = {
			isa = PBXGroup;
			children = (
				F0C2DBF82B27922B00C610A3 /* Workout.swift */,
				F0C2DBFC2B27947C00C610A3 /* Set.swift */,
				F07FF61E2B28753200E23861 /* Exercise.swift */,
				1C6600742B2B4FB700D03B46 /* Tip.swift */,
			);
			path = Models;
			sourceTree = "<group>";
		};
		F0FDF4942B2B7ED1002C88F1 /* Components */ = {
			isa = PBXGroup;
			children = (
				F0FDF4952B2B7ED1002C88F1 /* LineChart.swift */,
			);
			path = Components;
			sourceTree = "<group>";
		};
/* End PBXGroup section */

/* Begin PBXNativeTarget section */
		F05D98A02B221C140085DE0A /* FitFlow */ = {
			isa = PBXNativeTarget;
			buildConfigurationList = F05D98B12B221C140085DE0A /* Build configuration list for PBXNativeTarget "FitFlow" */;
			buildPhases = (
				F05D989D2B221C140085DE0A /* Sources */,
				F05D989E2B221C140085DE0A /* Frameworks */,
				F05D989F2B221C140085DE0A /* Resources */,
			);
			buildRules = (
			);
			dependencies = (
			);
			name = FitFlow;
			productName = FitFlow;
			productReference = F05D98A12B221C140085DE0A /* FitFlow.app */;
			productType = "com.apple.product-type.application";
		};
/* End PBXNativeTarget section */

/* Begin PBXProject section */
		F05D98992B221C140085DE0A /* Project object */ = {
			isa = PBXProject;
			attributes = {
				BuildIndependentTargetsInParallel = 1;
				LastSwiftUpdateCheck = 1500;
				LastUpgradeCheck = 1500;
				TargetAttributes = {
					F05D98A02B221C140085DE0A = {
						CreatedOnToolsVersion = 15.0;
					};
				};
			};
			buildConfigurationList = F05D989C2B221C140085DE0A /* Build configuration list for PBXProject "FitFlow" */;
			compatibilityVersion = "Xcode 14.0";
			developmentRegion = en;
			hasScannedForEncodings = 0;
			knownRegions = (
				en,
				Base,
			);
			mainGroup = F05D98982B221C140085DE0A;
			productRefGroup = F05D98A22B221C140085DE0A /* Products */;
			projectDirPath = "";
			projectRoot = "";
			targets = (
				F05D98A02B221C140085DE0A /* FitFlow */,
			);
		};
/* End PBXProject section */

/* Begin PBXResourcesBuildPhase section */
		F05D989F2B221C140085DE0A /* Resources */ = {
			isa = PBXResourcesBuildPhase;
			buildActionMask = 2147483647;
			files = (
				F05D98AE2B221C140085DE0A /* Preview Assets.xcassets in Resources */,
				F05D98AB2B221C140085DE0A /* Assets.xcassets in Resources */,
			);
			runOnlyForDeploymentPostprocessing = 0;
		};
/* End PBXResourcesBuildPhase section */

/* Begin PBXSourcesBuildPhase section */
		F05D989D2B221C140085DE0A /* Sources */ = {
			isa = PBXSourcesBuildPhase;
			buildActionMask = 2147483647;
			files = (
				DF5EAAE42B279A83000FE22D /* EditSetView.swift in Sources */,
				F0524D4E2B2A331400F0E766 /* SetsListView.swift in Sources */,
				F05D98A72B221C140085DE0A /* (null) in Sources */,
				1CC284532B270E6000B1C160 /* WorkoutDetailView.swift in Sources */,
				F09C38252B29EB9C00D12086 /* VerticalProgressView.swift in Sources */,
				F05D38742B29BBBC00EAEC45 /* Formatters.swift in Sources */,
				1ACD41942B272F54002C92F6 /* PieChartView.swift in Sources */,
				1ACD418E2B222EC6002C92F6 /* TopStatView.swift in Sources */,
				1C6600752B2B4FB700D03B46 /* Tip.swift in Sources */,
				F0C2DBF12B2788AB00C610A3 /* ContentView.swift in Sources */,
				F0C2DBF92B27922B00C610A3 /* Workout.swift in Sources */,
				1ACD418A2B2225EB002C92F6 /* ExerciseDetailView.swift in Sources */,
				F0FDF4962B2B7ED1002C88F1 /* LineChart.swift in Sources */,
				F0B3A22D2B28ADC600E4364E /* AddExerciseView.swift in Sources */,
				1ACD41902B271368002C92F6 /* RepsListView.swift in Sources */,
				F03BFC132B27178A006FE46A /* SummaryDetailView.swift in Sources */,
				F09C38272B29EBD800D12086 /* PreviousSetCell.swift in Sources */,
				F05D38712B29B54C00EAEC45 /* AddSetView.swift in Sources */,
				F0C2DBFD2B27947C00C610A3 /* Set.swift in Sources */,
				F07FF61F2B28753200E23861 /* Exercise.swift in Sources */,
				F05D98B52B2224E00085DE0A /* SummaryView.swift in Sources */,
				F0FDF4982B2C53C9002C88F1 /* ProgressChartView.swift in Sources */,
				F05D98A92B221C140085DE0A /* Item.swift in Sources */,
				0AD51BA22B289872006EC3F1 /* AddWorkoutView.swift in Sources */,
				1ACD41922B27142B002C92F6 /* RepRowView.swift in Sources */,
				1ACD418C2B222E48002C92F6 /* RepTextModifier.swift in Sources */,
				F0C2DBEF2B27889600C610A3 /* FitFlowApp.swift in Sources */,
				F0FDF49A2B2C54C1002C88F1 /* Functions.swift in Sources */,
				F0C2DBED2B27839C00C610A3 /* WorkoutRowView.swift in Sources */,
				F0524D4C2B2A32DA00F0E766 /* ComparisonView.swift in Sources */,
				F0C2DBF52B27890C00C610A3 /* TopTextModifier.swift in Sources */,
				F09C38232B29EB7900D12086 /* SetRow.swift in Sources */,
				F0C2DBEB2B27836100C610A3 /* StatsView.swift in Sources */,
				F0C2DBE92B27832E00C610A3 /* StatsVStack.swift in Sources */,
			);
			runOnlyForDeploymentPostprocessing = 0;
		};
/* End PBXSourcesBuildPhase section */

/* Begin XCBuildConfiguration section */
		F05D98AF2B221C140085DE0A /* Debug */ = {
			isa = XCBuildConfiguration;
			buildSettings = {
				ALWAYS_SEARCH_USER_PATHS = NO;
				ASSETCATALOG_COMPILER_GENERATE_SWIFT_ASSET_SYMBOL_EXTENSIONS = YES;
				CLANG_ANALYZER_NONNULL = YES;
				CLANG_ANALYZER_NUMBER_OBJECT_CONVERSION = YES_AGGRESSIVE;
				CLANG_CXX_LANGUAGE_STANDARD = "gnu++20";
				CLANG_ENABLE_MODULES = YES;
				CLANG_ENABLE_OBJC_ARC = YES;
				CLANG_ENABLE_OBJC_WEAK = YES;
				CLANG_WARN_BLOCK_CAPTURE_AUTORELEASING = YES;
				CLANG_WARN_BOOL_CONVERSION = YES;
				CLANG_WARN_COMMA = YES;
				CLANG_WARN_CONSTANT_CONVERSION = YES;
				CLANG_WARN_DEPRECATED_OBJC_IMPLEMENTATIONS = YES;
				CLANG_WARN_DIRECT_OBJC_ISA_USAGE = YES_ERROR;
				CLANG_WARN_DOCUMENTATION_COMMENTS = YES;
				CLANG_WARN_EMPTY_BODY = YES;
				CLANG_WARN_ENUM_CONVERSION = YES;
				CLANG_WARN_INFINITE_RECURSION = YES;
				CLANG_WARN_INT_CONVERSION = YES;
				CLANG_WARN_NON_LITERAL_NULL_CONVERSION = YES;
				CLANG_WARN_OBJC_IMPLICIT_RETAIN_SELF = YES;
				CLANG_WARN_OBJC_LITERAL_CONVERSION = YES;
				CLANG_WARN_OBJC_ROOT_CLASS = YES_ERROR;
				CLANG_WARN_QUOTED_INCLUDE_IN_FRAMEWORK_HEADER = YES;
				CLANG_WARN_RANGE_LOOP_ANALYSIS = YES;
				CLANG_WARN_STRICT_PROTOTYPES = YES;
				CLANG_WARN_SUSPICIOUS_MOVE = YES;
				CLANG_WARN_UNGUARDED_AVAILABILITY = YES_AGGRESSIVE;
				CLANG_WARN_UNREACHABLE_CODE = YES;
				CLANG_WARN__DUPLICATE_METHOD_MATCH = YES;
				COPY_PHASE_STRIP = NO;
				DEBUG_INFORMATION_FORMAT = dwarf;
				ENABLE_STRICT_OBJC_MSGSEND = YES;
				ENABLE_TESTABILITY = YES;
				ENABLE_USER_SCRIPT_SANDBOXING = YES;
				GCC_C_LANGUAGE_STANDARD = gnu17;
				GCC_DYNAMIC_NO_PIC = NO;
				GCC_NO_COMMON_BLOCKS = YES;
				GCC_OPTIMIZATION_LEVEL = 0;
				GCC_PREPROCESSOR_DEFINITIONS = (
					"DEBUG=1",
					"$(inherited)",
				);
				GCC_WARN_64_TO_32_BIT_CONVERSION = YES;
				GCC_WARN_ABOUT_RETURN_TYPE = YES_ERROR;
				GCC_WARN_UNDECLARED_SELECTOR = YES;
				GCC_WARN_UNINITIALIZED_AUTOS = YES_AGGRESSIVE;
				GCC_WARN_UNUSED_FUNCTION = YES;
				GCC_WARN_UNUSED_VARIABLE = YES;
				IPHONEOS_DEPLOYMENT_TARGET = 17.0;
				LOCALIZATION_PREFERS_STRING_CATALOGS = YES;
				MTL_ENABLE_DEBUG_INFO = INCLUDE_SOURCE;
				MTL_FAST_MATH = YES;
				ONLY_ACTIVE_ARCH = YES;
				SDKROOT = iphoneos;
				SWIFT_ACTIVE_COMPILATION_CONDITIONS = "DEBUG $(inherited)";
				SWIFT_OPTIMIZATION_LEVEL = "-Onone";
			};
			name = Debug;
		};
		F05D98B02B221C140085DE0A /* Release */ = {
			isa = XCBuildConfiguration;
			buildSettings = {
				ALWAYS_SEARCH_USER_PATHS = NO;
				ASSETCATALOG_COMPILER_GENERATE_SWIFT_ASSET_SYMBOL_EXTENSIONS = YES;
				CLANG_ANALYZER_NONNULL = YES;
				CLANG_ANALYZER_NUMBER_OBJECT_CONVERSION = YES_AGGRESSIVE;
				CLANG_CXX_LANGUAGE_STANDARD = "gnu++20";
				CLANG_ENABLE_MODULES = YES;
				CLANG_ENABLE_OBJC_ARC = YES;
				CLANG_ENABLE_OBJC_WEAK = YES;
				CLANG_WARN_BLOCK_CAPTURE_AUTORELEASING = YES;
				CLANG_WARN_BOOL_CONVERSION = YES;
				CLANG_WARN_COMMA = YES;
				CLANG_WARN_CONSTANT_CONVERSION = YES;
				CLANG_WARN_DEPRECATED_OBJC_IMPLEMENTATIONS = YES;
				CLANG_WARN_DIRECT_OBJC_ISA_USAGE = YES_ERROR;
				CLANG_WARN_DOCUMENTATION_COMMENTS = YES;
				CLANG_WARN_EMPTY_BODY = YES;
				CLANG_WARN_ENUM_CONVERSION = YES;
				CLANG_WARN_INFINITE_RECURSION = YES;
				CLANG_WARN_INT_CONVERSION = YES;
				CLANG_WARN_NON_LITERAL_NULL_CONVERSION = YES;
				CLANG_WARN_OBJC_IMPLICIT_RETAIN_SELF = YES;
				CLANG_WARN_OBJC_LITERAL_CONVERSION = YES;
				CLANG_WARN_OBJC_ROOT_CLASS = YES_ERROR;
				CLANG_WARN_QUOTED_INCLUDE_IN_FRAMEWORK_HEADER = YES;
				CLANG_WARN_RANGE_LOOP_ANALYSIS = YES;
				CLANG_WARN_STRICT_PROTOTYPES = YES;
				CLANG_WARN_SUSPICIOUS_MOVE = YES;
				CLANG_WARN_UNGUARDED_AVAILABILITY = YES_AGGRESSIVE;
				CLANG_WARN_UNREACHABLE_CODE = YES;
				CLANG_WARN__DUPLICATE_METHOD_MATCH = YES;
				COPY_PHASE_STRIP = NO;
				DEBUG_INFORMATION_FORMAT = "dwarf-with-dsym";
				ENABLE_NS_ASSERTIONS = NO;
				ENABLE_STRICT_OBJC_MSGSEND = YES;
				ENABLE_USER_SCRIPT_SANDBOXING = YES;
				GCC_C_LANGUAGE_STANDARD = gnu17;
				GCC_NO_COMMON_BLOCKS = YES;
				GCC_WARN_64_TO_32_BIT_CONVERSION = YES;
				GCC_WARN_ABOUT_RETURN_TYPE = YES_ERROR;
				GCC_WARN_UNDECLARED_SELECTOR = YES;
				GCC_WARN_UNINITIALIZED_AUTOS = YES_AGGRESSIVE;
				GCC_WARN_UNUSED_FUNCTION = YES;
				GCC_WARN_UNUSED_VARIABLE = YES;
				IPHONEOS_DEPLOYMENT_TARGET = 17.0;
				LOCALIZATION_PREFERS_STRING_CATALOGS = YES;
				MTL_ENABLE_DEBUG_INFO = NO;
				MTL_FAST_MATH = YES;
				SDKROOT = iphoneos;
				SWIFT_COMPILATION_MODE = wholemodule;
				VALIDATE_PRODUCT = YES;
			};
			name = Release;
		};
		F05D98B22B221C140085DE0A /* Debug */ = {
			isa = XCBuildConfiguration;
			buildSettings = {
				ASSETCATALOG_COMPILER_APPICON_NAME = AppIcon;
				ASSETCATALOG_COMPILER_GLOBAL_ACCENT_COLOR_NAME = AccentColor;
				CODE_SIGN_STYLE = Automatic;
				CURRENT_PROJECT_VERSION = 1;
				DEVELOPMENT_ASSET_PATHS = "\"FitFlow/Preview Content\"";
				DEVELOPMENT_TEAM = 4Y3SF6KR8W;
				ENABLE_PREVIEWS = YES;
				GENERATE_INFOPLIST_FILE = YES;
				INFOPLIST_KEY_UIApplicationSceneManifest_Generation = YES;
				INFOPLIST_KEY_UIApplicationSupportsIndirectInputEvents = YES;
				INFOPLIST_KEY_UILaunchScreen_Generation = YES;
				INFOPLIST_KEY_UISupportedInterfaceOrientations_iPad = "UIInterfaceOrientationPortrait UIInterfaceOrientationPortraitUpsideDown UIInterfaceOrientationLandscapeLeft UIInterfaceOrientationLandscapeRight";
				INFOPLIST_KEY_UISupportedInterfaceOrientations_iPhone = "UIInterfaceOrientationPortrait UIInterfaceOrientationLandscapeLeft UIInterfaceOrientationLandscapeRight";
				LD_RUNPATH_SEARCH_PATHS = (
					"$(inherited)",
					"@executable_path/Frameworks",
				);
				MARKETING_VERSION = 1.0;
				PRODUCT_BUNDLE_IDENTIFIER = com.vergaraaa.FitFlow;
				PRODUCT_NAME = "$(TARGET_NAME)";
				SWIFT_EMIT_LOC_STRINGS = YES;
				SWIFT_VERSION = 5.0;
				TARGETED_DEVICE_FAMILY = "1,2";
			};
			name = Debug;
		};
		F05D98B32B221C140085DE0A /* Release */ = {
			isa = XCBuildConfiguration;
			buildSettings = {
				ASSETCATALOG_COMPILER_APPICON_NAME = AppIcon;
				ASSETCATALOG_COMPILER_GLOBAL_ACCENT_COLOR_NAME = AccentColor;
				CODE_SIGN_STYLE = Automatic;
				CURRENT_PROJECT_VERSION = 1;
				DEVELOPMENT_ASSET_PATHS = "\"FitFlow/Preview Content\"";
				DEVELOPMENT_TEAM = 4Y3SF6KR8W;
				ENABLE_PREVIEWS = YES;
				GENERATE_INFOPLIST_FILE = YES;
				INFOPLIST_KEY_UIApplicationSceneManifest_Generation = YES;
				INFOPLIST_KEY_UIApplicationSupportsIndirectInputEvents = YES;
				INFOPLIST_KEY_UILaunchScreen_Generation = YES;
				INFOPLIST_KEY_UISupportedInterfaceOrientations_iPad = "UIInterfaceOrientationPortrait UIInterfaceOrientationPortraitUpsideDown UIInterfaceOrientationLandscapeLeft UIInterfaceOrientationLandscapeRight";
				INFOPLIST_KEY_UISupportedInterfaceOrientations_iPhone = "UIInterfaceOrientationPortrait UIInterfaceOrientationLandscapeLeft UIInterfaceOrientationLandscapeRight";
				LD_RUNPATH_SEARCH_PATHS = (
					"$(inherited)",
					"@executable_path/Frameworks",
				);
				MARKETING_VERSION = 1.0;
				PRODUCT_BUNDLE_IDENTIFIER = com.vergaraaa.FitFlow;
				PRODUCT_NAME = "$(TARGET_NAME)";
				SWIFT_EMIT_LOC_STRINGS = YES;
				SWIFT_VERSION = 5.0;
				TARGETED_DEVICE_FAMILY = "1,2";
			};
			name = Release;
		};
/* End XCBuildConfiguration section */

/* Begin XCConfigurationList section */
		F05D989C2B221C140085DE0A /* Build configuration list for PBXProject "FitFlow" */ = {
			isa = XCConfigurationList;
			buildConfigurations = (
				F05D98AF2B221C140085DE0A /* Debug */,
				F05D98B02B221C140085DE0A /* Release */,
			);
			defaultConfigurationIsVisible = 0;
			defaultConfigurationName = Release;
		};
		F05D98B12B221C140085DE0A /* Build configuration list for PBXNativeTarget "FitFlow" */ = {
			isa = XCConfigurationList;
			buildConfigurations = (
				F05D98B22B221C140085DE0A /* Debug */,
				F05D98B32B221C140085DE0A /* Release */,
			);
			defaultConfigurationIsVisible = 0;
			defaultConfigurationName = Release;
		};
/* End XCConfigurationList section */
	};
	rootObject = F05D98992B221C140085DE0A /* Project object */;
}
